<?xml version="1.0" encoding="utf-8"?>
<Project ToolsVersion="4.0" xmlns="http://schemas.microsoft.com/developer/msbuild/2003">
  <ItemGroup>
    <Filter Include="Shaders">
      <UniqueIdentifier>{29a26333-02e8-4e79-90f9-a63b2d17ac07}</UniqueIdentifier>
    </Filter>
  </ItemGroup>
  <ItemGroup>
    <None Include="$(MSBuildThisFileDirectory)null.fs">
      <Filter>Shaders</Filter>
    </None>
    <None Include="$(MSBuildThisFileDirectory)null.vs">
      <Filter>Shaders</Filter>
    </None>
    <None Include="$(MSBuildThisFileDirectory)sprite.fs">
      <Filter>Shaders</Filter>
    </None>
    <None Include="$(MSBuildThisFileDirectory)sprite.vs">
      <Filter>Shaders</Filter>
    </None>
    <None Include="$(MSBuildThisFileDirectory)texture.fs">
      <Filter>Shaders</Filter>
    </None>
    <None Include="$(MSBuildThisFileDirectory)texture.vs">
      <Filter>Shaders</Filter>
    </None>
    <None Include="$(MSBuildThisFileDirectory)texturePointLight.fs">
      <Filter>Shaders</Filter>
    </None>
    <None Include="$(MSBuildThisFileDirectory)texturePointLight.vs">
      <Filter>Shaders</Filter>
    </None>
    <None Include="$(MSBuildThisFileDirectory)wireframe.fs">
      <Filter>Shaders</Filter>
    </None>
    <None Include="$(MSBuildThisFileDirectory)wireframe.vs">
      <Filter>Shaders</Filter>
    </None>
    <None Include="$(MSBuildThisFileDirectory)skinTexture.vs">
      <Filter>Shaders</Filter>
    </None>
    <None Include="$(MSBuildThisFileDirectory)skinTexture.fs">
      <Filter>Shaders</Filter>
    </None>
    <None Include="$(MSBuildThisFileDirectory)worldMatrix.cs.glsl">
      <Filter>Shaders</Filter>
    </None>
    <None Include="$(MSBuildThisFileDirectory)blinnphong.vs">
      <Filter>Shaders</Filter>
    </None>
    <None Include="$(MSBuildThisFileDirectory)blinnphong.fs">
      <Filter>Shaders</Filter>
    </None>
  </ItemGroup>
  <ItemGroup>
    <ClInclude Include="$(MSBuildThisFileDirectory)ShaderLayout.h">
      <Filter>Shaders</Filter>
    </ClInclude>
  </ItemGroup>
  <ItemGroup>
    <Text Include="$(MSBuildThisFileDirectory)mixer.cs.glsl">
      <Filter>Shaders</Filter>
    </Text>
  </ItemGroup>
</Project>